
Microsoft Visual Studio Solution File, Format Version 12.00
# Visual Studio Version 16
VisualStudioVersion = 16.0.29911.84
MinimumVisualStudioVersion = 10.0.40219.1
Project("{FAE04EC0-301F-11D3-BF4B-00C04F79EFBC}") = "Client", "Client\Client.csproj", "{CC355FA7-216F-4978-B578-CA7467963DAE}"
EndProject
Global
	GlobalSection(SolutionConfigurationPlatforms) = preSolution
		Debug|Any CPU = Debug|Any CPU
		Release|Any CPU = Release|Any CPU
	EndGlobalSection
	GlobalSection(ProjectConfigurationPlatforms) = postSolution
		{CC355FA7-216F-4978-B578-CA7467963DAE}.Debug|Any CPU.ActiveCfg = Debug|Any CPU
		{CC355FA7-216F-4978-B578-CA7467963DAE}.Debug|Any CPU.Build.0 = Debug|Any CPU
		{CC355FA7-216F-4978-B578-CA7467963DAE}.Release|Any CPU.ActiveCfg = Release|Any CPU
		{CC355FA7-216F-4978-B578-CA7467963DAE}.Release|Any CPU.Build.0 = Release|Any CPU
	EndGlobalSection
	GlobalSection(SolutionProperties) = preSolution
		HideSolutionNode = FALSE
	EndGlobalSection
	GlobalSection(ExtensibilityGlobals) = postSolution
		SolutionGuid = {0CD33BA1-B1F9-4E86-A89A-D931A10EDF06}
	EndGlobalSection
EndGlobal
